// !$*UTF8*$!
{
	archiveVersion = 1;
	classes = {
	};
	objectVersion = 50;
	objects = {

/* Begin PBXBuildFile section */
		04B35F91285EFFDF00C3613D /* UC_iOS_cw_1_part1App.swift in Sources */ = {isa = PBXBuildFile; fileRef = 04B35F90285EFFDF00C3613D /* UC_iOS_cw_1_part1App.swift */; };
		04B35F93285EFFDF00C3613D /* ContentView.swift in Sources */ = {isa = PBXBuildFile; fileRef = 04B35F92285EFFDF00C3613D /* ContentView.swift */; };
		04B35F95285EFFE300C3613D /* Assets.xcassets in Resources */ = {isa = PBXBuildFile; fileRef = 04B35F94285EFFE300C3613D /* Assets.xcassets */; };
		04B35F98285EFFE300C3613D /* Preview Assets.xcassets in Resources */ = {isa = PBXBuildFile; fileRef = 04B35F97285EFFE300C3613D /* Preview Assets.xcassets */; };
/* End PBXBuildFile section */

/* Begin PBXFileReference section */
		04B35F8D285EFFDF00C3613D /* UC-iOS-cw-1-part1.app */ = {isa = PBXFileReference; explicitFileType = wrapper.application; includeInIndex = 0; path = "UC-iOS-cw-1-part1.app"; sourceTree = BUILT_PRODUCTS_DIR; };
		04B35F90285EFFDF00C3613D /* UC_iOS_cw_1_part1App.swift */ = {isa = PBXFileReference; lastKnownFileType = sourcecode.swift; path = UC_iOS_cw_1_part1App.swift; sourceTree = "<group>"; };
		04B35F92285EFFDF00C3613D /* ContentView.swift */ = {isa = PBXFileReference; lastKnownFileType = sourcecode.swift; path = ContentView.swift; sourceTree = "<group>"; };
		04B35F94285EFFE300C3613D /* Assets.xcassets */ = {isa = PBXFileReference; lastKnownFileType = folder.assetcatalog; path = Assets.xcassets; sourceTree = "<group>"; };
		04B35F97285EFFE300C3613D /* Preview Assets.xcassets */ = {isa = PBXFileReference; lastKnownFileType = folder.assetcatalog; path = "Preview Assets.xcassets"; sourceTree = "<group>"; };
		04B35F99285EFFE300C3613D /* Info.plist */ = {isa = PBXFileReference; lastKnownFileType = text.plist.xml; path = Info.plist; sourceTree = "<group>"; };
/* End PBXFileReference section */

/* Begin PBXFrameworksBuildPhase section */
		04B35F8A285EFFDF00C3613D /* Frameworks */ = {
			isa = PBXFrameworksBuildPhase;
			buildActionMask = 2147483647;
			files = (
			);
			runOnlyForDeploymentPostprocessing = 0;
		};
/* End PBXFrameworksBuildPhase section */

/* Begin PBXGroup section */
		04B35F84285EFFDF00C3613D = {
			isa = PBXGroup;
			children = (
				04B35F8F285EFFDF00C3613D /* UC-iOS-cw-1-part1 */,
				04B35F8E285EFFDF00C3613D /* Products */,
			);
			sourceTree = "<group>";
		};
		04B35F8E285EFFDF00C3613D /* Products */ = {
			isa = PBXGroup;
			children = (
				04B35F8D285EFFDF00C3613D /* UC-iOS-cw-1-part1.app */,
			);
			name = Products;
			sourceTree = "<group>";
		};
		04B35F8F285EFFDF00C3613D /* UC-iOS-cw-1-part1 */ = {
			isa = PBXGroup;
			children = (
				04B35F90285EFFDF00C3613D /* UC_iOS_cw_1_part1App.swift */,
				04B35F92285EFFDF00C3613D /* ContentView.swift */,
				04B35F94285EFFE300C3613D /* Assets.xcassets */,
				04B35F99285EFFE300C3613D /* Info.plist */,
				04B35F96285EFFE300C3613D /* Preview Content */,
			);
			path = "UC-iOS-cw-1-part1";
			sourceTree = "<group>";
		};
		04B35F96285EFFE300C3613D /* Preview Content */ = {
			isa = PBXGroup;
			children = (
				04B35F97285EFFE300C3613D /* Preview Assets.xcassets */,
			);
			path = "Preview Content";
			sourceTree = "<group>";
		};
/* End PBXGroup section */

/* Begin PBXNativeTarget section */
		04B35F8C285EFFDF00C3613D /* UC-iOS-cw-1-part1 */ = {
			isa = PBXNativeTarget;
			buildConfigurationList = 04B35F9C285EFFE300C3613D /* Build configuration list for PBXNativeTarget "UC-iOS-cw-1-part1" */;
			buildPhases = (
				04B35F89285EFFDF00C3613D /* Sources */,
				04B35F8A285EFFDF00C3613D /* Frameworks */,
				04B35F8B285EFFDF00C3613D /* Resources */,
			);
			buildRules = (
			);
			dependencies = (
			);
			name = "UC-iOS-cw-1-part1";
			productName = "UC-iOS-cw-1-part1";
			productReference = 04B35F8D285EFFDF00C3613D /* UC-iOS-cw-1-part1.app */;
			productType = "com.apple.product-type.application";
		};
/* End PBXNativeTarget section */

/* Begin PBXProject section */
		04B35F85285EFFDF00C3613D /* Project object */ = {
			isa = PBXProject;
			attributes = {
				LastSwiftUpdateCheck = 1250;
				LastUpgradeCheck = 1250;
				TargetAttributes = {
					04B35F8C285EFFDF00C3613D = {
						CreatedOnToolsVersion = 12.5;
					};
				};
			};
			buildConfigurationList = 04B35F88285EFFDF00C3613D /* Build configuration list for PBXProject "UC-iOS-cw-1-part1" */;
			compatibilityVersion = "Xcode 9.3";
			developmentRegion = en;
			hasScannedForEncodings = 0;
			knownRegions = (
				en,
				Base,
			);
			mainGroup = 04B35F84285EFFDF00C3613D;
			productRefGroup = 04B35F8E285EFFDF00C3613D /* Products */;
			projectDirPath = "";
			projectRoot = "";
			targets = (
				04B35F8C285EFFDF00C3613D /* UC-iOS-cw-1-part1 */,
			);
		};
/* End PBXProject section */

/* Begin PBXResourcesBuildPhase section */
		04B35F8B285EFFDF00C3613D /* Resources */ = {
			isa = PBXResourcesBuildPhase;
			buildActionMask = 2147483647;
			files = (
				04B35F98285EFFE300C3613D /* Preview Assets.xcassets in Resources */,
				04B35F95285EFFE300C3613D /* Assets.xcassets in Resources */,
			);
			runOnlyForDeploymentPostprocessing = 0;
		};
/* End PBXResourcesBuildPhase section */

/* Begin PBXSourcesBuildPhase section */
		04B35F89285EFFDF00C3613D /* Sources */ = {
			isa = PBXSourcesBuildPhase;
			buildActionMask = 2147483647;
			files = (
				04B35F93285EFFDF00C3613D /* ContentView.swift in Sources */,
				04B35F91285EFFDF00C3613D /* UC_iOS_cw_1_part1App.swift in Sources */,
			);
			runOnlyForDeploymentPostprocessing = 0;
		};
/* End PBXSourcesBuildPhase section */

/* Begin XCBuildConfiguration section */
		04B35F9A285EFFE300C3613D /* Debug */ = {
			isa = XCBuildConfiguration;
			buildSettings = {
				ALWAYS_SEARCH_USER_PATHS = NO;
				CLANG_ANALYZER_NONNULL = YES;
				CLANG_ANALYZER_NUMBER_OBJECT_CONVERSION = YES_AGGRESSIVE;
				CLANG_CXX_LANGUAGE_STANDARD = "gnu++14";
				CLANG_CXX_LIBRARY = "libc++";
				CLANG_ENABLE_MODULES = YES;
				CLANG_ENABLE_OBJC_ARC = YES;
				CLANG_ENABLE_OBJC_WEAK = YES;
				CLANG_WARN_BLOCK_CAPTURE_AUTORELEASING = YES;
				CLANG_WARN_BOOL_CONVERSION = YES;
				CLANG_WARN_COMMA = YES;
				CLANG_WARN_CONSTANT_CONVERSION = YES;
				CLANG_WARN_DEPRECATED_OBJC_IMPLEMENTATIONS = YES;
				CLANG_WARN_DIRECT_OBJC_ISA_USAGE = YES_ERROR;
				CLANG_WARN_DOCUMENTATION_COMMENTS = YES;
				CLANG_WARN_EMPTY_BODY = YES;
				CLANG_WARN_ENUM_CONVERSION = YES;
				CLANG_WARN_INFINITE_RECURSION = YES;
				CLANG_WARN_INT_CONVERSION = YES;
				CLANG_WARN_NON_LITERAL_NULL_CONVERSION = YES;
				CLANG_WARN_OBJC_IMPLICIT_RETAIN_SELF = YES;
				CLANG_WARN_OBJC_LITERAL_CONVERSION = YES;
				CLANG_WARN_OBJC_ROOT_CLASS = YES_ERROR;
				CLANG_WARN_QUOTED_INCLUDE_IN_FRAMEWORK_HEADER = YES;
				CLANG_WARN_RANGE_LOOP_ANALYSIS = YES;
				CLANG_WARN_STRICT_PROTOTYPES = YES;
				CLANG_WARN_SUSPICIOUS_MOVE = YES;
				CLANG_WARN_UNGUARDED_AVAILABILITY = YES_AGGRESSIVE;
				CLANG_WARN_UNREACHABLE_CODE = YES;
				CLANG_WARN__DUPLICATE_METHOD_MATCH = YES;
				COPY_PHASE_STRIP = NO;
				DEBUG_INFORMATION_FORMAT = dwarf;
				ENABLE_STRICT_OBJC_MSGSEND = YES;
				ENABLE_TESTABILITY = YES;
				GCC_C_LANGUAGE_STANDARD = gnu11;
				GCC_DYNAMIC_NO_PIC = NO;
				GCC_NO_COMMON_BLOCKS = YES;
				GCC_OPTIMIZATION_LEVEL = 0;
				GCC_PREPROCESSOR_DEFINITIONS = (
					"DEBUG=1",
					"$(inherited)",
				);
				GCC_WARN_64_TO_32_BIT_CONVERSION = YES;
				GCC_WARN_ABOUT_RETURN_TYPE = YES_ERROR;
				GCC_WARN_UNDECLARED_SELECTOR = YES;
				GCC_WARN_UNINITIALIZED_AUTOS = YES_AGGRESSIVE;
				GCC_WARN_UNUSED_FUNCTION = YES;
				GCC_WARN_UNUSED_VARIABLE = YES;
				IPHONEOS_DEPLOYMENT_TARGET = 14.5;
				MTL_ENABLE_DEBUG_INFO = INCLUDE_SOURCE;
				MTL_FAST_MATH = YES;
				ONLY_ACTIVE_ARCH = YES;
				SDKROOT = iphoneos;
				SWIFT_ACTIVE_COMPILATION_CONDITIONS = DEBUG;
				SWIFT_OPTIMIZATION_LEVEL = "-Onone";
			};
			name = Debug;
		};
		04B35F9B285EFFE300C3613D /* Release */ = {
			isa = XCBuildConfiguration;
			buildSettings = {
				ALWAYS_SEARCH_USER_PATHS = NO;
				CLANG_ANALYZER_NONNULL = YES;
				CLANG_ANALYZER_NUMBER_OBJECT_CONVERSION = YES_AGGRESSIVE;
				CLANG_CXX_LANGUAGE_STANDARD = "gnu++14";
				CLANG_CXX_LIBRARY = "libc++";
				CLANG_ENABLE_MODULES = YES;
				CLANG_ENABLE_OBJC_ARC = YES;
				CLANG_ENABLE_OBJC_WEAK = YES;
				CLANG_WARN_BLOCK_CAPTURE_AUTORELEASING = YES;
				CLANG_WARN_BOOL_CONVERSION = YES;
				CLANG_WARN_COMMA = YES;
				CLANG_WARN_CONSTANT_CONVERSION = YES;
				CLANG_WARN_DEPRECATED_OBJC_IMPLEMENTATIONS = YES;
				CLANG_WARN_DIRECT_OBJC_ISA_USAGE = YES_ERROR;
				CLANG_WARN_DOCUMENTATION_COMMENTS = YES;
				CLANG_WARN_EMPTY_BODY = YES;
				CLANG_WARN_ENUM_CONVERSION = YES;
				CLANG_WARN_INFINITE_RECURSION = YES;
				CLANG_WARN_INT_CONVERSION = YES;
				CLANG_WARN_NON_LITERAL_NULL_CONVERSION = YES;
				CLANG_WARN_OBJC_IMPLICIT_RETAIN_SELF = YES;
				CLANG_WARN_OBJC_LITERAL_CONVERSION = YES;
				CLANG_WARN_OBJC_ROOT_CLASS = YES_ERROR;
				CLANG_WARN_QUOTED_INCLUDE_IN_FRAMEWORK_HEADER = YES;
				CLANG_WARN_RANGE_LOOP_ANALYSIS = YES;
				CLANG_WARN_STRICT_PROTOTYPES = YES;
				CLANG_WARN_SUSPICIOUS_MOVE = YES;
				CLANG_WARN_UNGUARDED_AVAILABILITY = YES_AGGRESSIVE;
				CLANG_WARN_UNREACHABLE_CODE = YES;
				CLANG_WARN__DUPLICATE_METHOD_MATCH = YES;
				COPY_PHASE_STRIP = NO;
				DEBUG_INFORMATION_FORMAT = "dwarf-with-dsym";
				ENABLE_NS_ASSERTIONS = NO;
				ENABLE_STRICT_OBJC_MSGSEND = YES;
				GCC_C_LANGUAGE_STANDARD = gnu11;
				GCC_NO_COMMON_BLOCKS = YES;
				GCC_WARN_64_TO_32_BIT_CONVERSION = YES;
				GCC_WARN_ABOUT_RETURN_TYPE = YES_ERROR;
				GCC_WARN_UNDECLARED_SELECTOR = YES;
				GCC_WARN_UNINITIALIZED_AUTOS = YES_AGGRESSIVE;
				GCC_WARN_UNUSED_FUNCTION = YES;
				GCC_WARN_UNUSED_VARIABLE = YES;
				IPHONEOS_DEPLOYMENT_TARGET = 14.5;
				MTL_ENABLE_DEBUG_INFO = NO;
				MTL_FAST_MATH = YES;
				SDKROOT = iphoneos;
				SWIFT_COMPILATION_MODE = wholemodule;
				SWIFT_OPTIMIZATION_LEVEL = "-O";
				VALIDATE_PRODUCT = YES;
			};
			name = Release;
		};
		04B35F9D285EFFE300C3613D /* Debug */ = {
			isa = XCBuildConfiguration;
			buildSettings = {
				ASSETCATALOG_COMPILER_APPICON_NAME = AppIcon;
				ASSETCATALOG_COMPILER_GLOBAL_ACCENT_COLOR_NAME = AccentColor;
				CODE_SIGN_STYLE = Automatic;
				DEVELOPMENT_ASSET_PATHS = "\"UC-iOS-cw-1-part1/Preview Content\"";
				DEVELOPMENT_TEAM = 9GVB68L4W8;
				ENABLE_PREVIEWS = YES;
				INFOPLIST_FILE = "UC-iOS-cw-1-part1/Info.plist";
				IPHONEOS_DEPLOYMENT_TARGET = 14.0;
				LD_RUNPATH_SEARCH_PATHS = (
					"$(inherited)",
					"@executable_path/Frameworks",
				);
				PRODUCT_BUNDLE_IDENTIFIER = "com.safeyahdoc.unicode.UC-iOS-cw-1-part1.UC-iOS-cw-1-part1";
				PRODUCT_NAME = "$(TARGET_NAME)";
				SWIFT_VERSION = 5.0;
				TARGETED_DEVICE_FAMILY = "1,2";
			};
			name = Debug;
		};
		04B35F9E285EFFE300C3613D /* Release */ = {
			isa = XCBuildConfiguration;
			buildSettings = {
				ASSETCATALOG_COMPILER_APPICON_NAME = AppIcon;
				ASSETCATALOG_COMPILER_GLOBAL_ACCENT_COLOR_NAME = AccentColor;
				CODE_SIGN_STYLE = Automatic;
				DEVELOPMENT_ASSET_PATHS = "\"UC-iOS-cw-1-part1/Preview Content\"";
				DEVELOPMENT_TEAM = 9GVB68L4W8;
				ENABLE_PREVIEWS = YES;
				INFOPLIST_FILE = "UC-iOS-cw-1-part1/Info.plist";
				IPHONEOS_DEPLOYMENT_TARGET = 14.0;
				LD_RUNPATH_SEARCH_PATHS = (
					"$(inherited)",
					"@executable_path/Frameworks",
				);
				PRODUCT_BUNDLE_IDENTIFIER = "com.safeyahdoc.unicode.UC-iOS-cw-1-part1.UC-iOS-cw-1-part1";
				PRODUCT_NAME = "$(TARGET_NAME)";
				SWIFT_VERSION = 5.0;
				TARGETED_DEVICE_FAMILY = "1,2";
			};
			name = Release;
		};
/* End XCBuildConfiguration section */

/* Begin XCConfigurationList section */
		04B35F88285EFFDF00C3613D /* Build configuration list for PBXProject "UC-iOS-cw-1-part1" */ = {
			isa = XCConfigurationList;
			buildConfigurations = (
				04B35F9A285EFFE300C3613D /* Debug */,
				04B35F9B285EFFE300C3613D /* Release */,
			);
			defaultConfigurationIsVisible = 0;
			defaultConfigurationName = Release;
		};
		04B35F9C285EFFE300C3613D /* Build configuration list for PBXNativeTarget "UC-iOS-cw-1-part1" */ = {
			isa = XCConfigurationList;
			buildConfigurations = (
				04B35F9D285EFFE300C3613D /* Debug */,
				04B35F9E285EFFE300C3613D /* Release */,
			);
			defaultConfigurationIsVisible = 0;
			defaultConfigurationName = Release;
		};
/* End XCConfigurationList section */
	};
	rootObject = 04B35F85285EFFDF00C3613D /* Project object */;
}
